
Microsoft Visual Studio Solution File, Format Version 12.00
# Visual Studio Version 16
VisualStudioVersion = 16.0.30523.141
MinimumVisualStudioVersion = 10.0.40219.1
Project("{FAE04EC0-301F-11D3-BF4B-00C04F79EFBC}") = "AzureTestApp1", "AzureTestApp1\AzureTestApp1.csproj", "{4A7DC589-6DEE-4385-B384-CE75E615536D}"
EndProject
Global
	GlobalSection(SolutionConfigurationPlatforms) = preSolution
		Debug|Any CPU = Debug|Any CPU
		Release|Any CPU = Release|Any CPU
	EndGlobalSection
	GlobalSection(ProjectConfigurationPlatforms) = postSolution
		{4A7DC589-6DEE-4385-B384-CE75E615536D}.Debug|Any CPU.ActiveCfg = Debug|Any CPU
		{4A7DC589-6DEE-4385-B384-CE75E615536D}.Debug|Any CPU.Build.0 = Debug|Any CPU
		{4A7DC589-6DEE-4385-B384-CE75E615536D}.Release|Any CPU.ActiveCfg = Release|Any CPU
		{4A7DC589-6DEE-4385-B384-CE75E615536D}.Release|Any CPU.Build.0 = Release|Any CPU
	EndGlobalSection
	GlobalSection(SolutionProperties) = preSolution
		HideSolutionNode = FALSE
	EndGlobalSection
	GlobalSection(ExtensibilityGlobals) = postSolution
		SolutionGuid = {AC55EF70-4611-45C3-BF80-26E41BECEC1E}
	EndGlobalSection
EndGlobal
